{
  "version": 1,
  "dependencies": {
    "net10.0": {
      "Microsoft.AspNetCore.Authentication.JwtBearer": {
        "type": "Direct",
        "requested": "[10.0.11, )",
        "resolved": "10.0.11",
        "contentHash": "Dy9yElSej0rVQL8LBpCLatWTKXNH6h6VBVFmGndTCf1Wge0jSvH9U8mml6ddVDAQ089q1/fDYlhyukHSgx8unQ==",
        "dependencies": {
          "Microsoft.IdentityModel.Protocols.OpenIdConnect": "8.19.2"
        }
      },
      "Microsoft.AspNetCore.OpenApi": {
        "type": "Direct",
        "requested": "[10.0.11, )",
        "resolved": "10.0.11",
        "contentHash": "R/1EATnPLU+gRfB6lwVkMcymmyAY5ppBBdRN/5lhNEiT3xP1sWccuSFkU/f1lQvN/WgRq5Vn8AhCdE3fqgsL/w==",
        "dependencies": {
          "Microsoft.OpenApi": "[2.7.5, 3.0.0)"
        }
      },
      "Scalar.AspNetCore": {
        "type": "Direct",
        "requested": "[2.17.2, )",
        "resolved": "2.17.2",
        "contentHash": "ciW2HuRWJgNEecophHN9DvoRlTs/+8TNPhB6tQW1gmJWh/eoAIO0ys8XIxx7irUpIu3KRHZyxyuHstqqrTn1Tw=="
      },
      "Supabase": {
        "type": "Direct",
        "requested": "[1.6.2, )",
        "resolved": "1.6.2",
        "contentHash": "Vf4cKjQuUqjUiGm9ttZ5F/DqfV8NZKuvmeS8/BB5MVIEBxB8sYXw0SIHTvYm9CbBpJtnEEbV7Z+MGHIc2XrXbw==",
        "dependencies": {
          "Newtonsoft.Json": "13.0.2",
          "Supabase.Core": "1.2.0",
          "Supabase.Functions": "2.2.0",
          "Supabase.Gotrue": "6.3.2",
          "Supabase.Postgrest": "4.4.0",
          "Supabase.Realtime": "7.4.0",
          "Supabase.Storage": "2.7.0"
        }
      },
      "TimeZoneConverter": {
        "type": "Direct",
        "requested": "[7.2.0, )",
        "resolved": "7.2.0",
        "contentHash": "4Poqu79dTmacVETqUJ53g3x4U21V/cmWPSlehdsVE4Q00akavvlRq+SRjcg/CmfO9ibOCjRl6TeUV7hkC5RC4w=="
      },
      "Yarp.ReverseProxy": {
        "type": "Direct",
        "requested": "[2.3.0, )",
        "resolved": "2.3.0",
        "contentHash": "gxtkN3a+9biu9V9Zd5NaTO6VZWXAnS2mhQ0R/VXmSPoTuiQNZsakKikrKpDtKxrL5nUYzbRsHtl40WNq+ZBKKg==",
        "dependencies": {
          "System.IO.Hashing": "8.0.0"
        }
      },
      "BirdMessenger": {
        "type": "Transitive",
        "resolved": "4.0.0",
        "contentHash": "K92hTkTn8fkZOjoMi0j0ZhxJ/Ey8ra5nSxuwEc3gZJzT8gdRh6JSSUS6CV4+fyNcjdw1M37/nckubzyMvudvJw=="
      },
      "Microsoft.Bcl.Cryptography": {
        "type": "Transitive",
        "resolved": "10.0.2",
        "contentHash": "LG9Yll3B5aNpxv0+D47g6LiOiKBIlodhcHdQwcYzo8VeexFLGqx5ymetmA2aBRyo9cCcWsQWrFsdbsr8LvmWDw=="
      },
      "Microsoft.IdentityModel.Abstractions": {
        "type": "Transitive",
        "resolved": "8.19.2",
        "contentHash": "HJbo/lnSfNHUfphPRT910poQc4T2/9+8svFLvzuaYHGAOJ2Tu+oEDqpX0BVP3BJ4OuUM1kylEKyaiX2fCAK3Cw=="
      },
      "Microsoft.IdentityModel.JsonWebTokens": {
        "type": "Transitive",
        "resolved": "8.19.2",
        "contentHash": "ui3fuBT4fs8kdKfBthI4NzLYIBIneEVS8UrL1JVBzAn80UiKmngBBi0BEByE7n/9c+EElcfFlCMFFTqpkBSLNA==",
        "dependencies": {
          "Microsoft.IdentityModel.Tokens": "8.19.2"
        }
      },
      "Microsoft.IdentityModel.Logging": {
        "type": "Transitive",
        "resolved": "8.19.2",
        "contentHash": "r5YLDIxGOnkVJHrqXv/iD1FM1CgGrQOdriXuvuWvTPmKbnGANhEysq9XKmN6IHjf2a+9bAGEpnoRBsAQlvJU5w==",
        "dependencies": {
          "Microsoft.IdentityModel.Abstractions": "8.19.2"
        }
      },
      "Microsoft.IdentityModel.Protocols": {
        "type": "Transitive",
        "resolved": "8.19.2",
        "contentHash": "sGxSsSrZXNmca6D+jHH2rVRyo2nNRd/g4H9CFbPmLLq0xgoH1U0orLWE5minfijw7+zq49tBs7txenbfAErRoQ==",
        "dependencies": {
          "Microsoft.IdentityModel.Tokens": "8.19.2"
        }
      },
      "Microsoft.IdentityModel.Protocols.OpenIdConnect": {
        "type": "Transitive",
        "resolved": "8.19.2",
        "contentHash": "1XOcyY36cVymzE3qKdzKaUEZ4Pzt7ZpSa14JZoPPK1NLFUkQDs85TCqpV6XDo0YjFXj6nVK00AfOHppjghjhtw==",
        "dependencies": {
          "Microsoft.IdentityModel.Protocols": "8.19.2",
          "System.IdentityModel.Tokens.Jwt": "8.19.2"
        }
      },
      "Microsoft.IdentityModel.Tokens": {
        "type": "Transitive",
        "resolved": "8.19.2",
        "contentHash": "GtPC1S02uH1gOO4fQ+zRysIicKmEXaYFP8PIkdJYXqMyruYhopre4ozVHp0XiDSA0+GJvOZH9prxCPvgBMg4Ww==",
        "dependencies": {
          "Microsoft.Bcl.Cryptography": "10.0.2",
          "Microsoft.IdentityModel.Logging": "8.19.2"
        }
      },
      "Microsoft.IO.RecyclableMemoryStream": {
        "type": "Transitive",
        "resolved": "3.0.1",
        "contentHash": "s/s20YTVY9r9TPfTrN5g8zPF1YhwxyqO6PxUkrYTGI2B+OGPe9AdajWZrLhFqXIvqIW23fnUE4+ztrUWNU1+9g=="
      },
      "Microsoft.OpenApi": {
        "type": "Transitive",
        "resolved": "2.7.5",
        "contentHash": "0FA67RSnRM4tcBKqiqVu/HPdZ9+QOKbmeRjxRUGTCjPU4C0bmUhd97Dso7Yild5P7nOV6GxJ2xrK0Kv/O9xp0w=="
      },
      "MimeMapping": {
        "type": "Transitive",
        "resolved": "4.0.0",
        "contentHash": "5WK3+mjdCeCKg3znVr+sm/sikVnya7UOHWxt4vJeW+Tbp2GgdLiBLRFBJ91oDyL/NcDVd1sEelQ7ixIN68s33g=="
      },
      "Newtonsoft.Json": {
        "type": "Transitive",
        "resolved": "13.0.2",
        "contentHash": "R2pZ3B0UjeyHShm9vG+Tu0EBb2lC8b0dFzV9gVn50ofHXh9Smjk6kTn7A/FdAsC8B5cKib1OnGYOXxRBz5XQDg=="
      },
      "Supabase.Core": {
        "type": "Transitive",
        "resolved": "1.2.0",
        "contentHash": "jw/2YW+sVgICcCPNE1GUQJMMhdMSuity7cZFki+bgEGsYNQF5Hgpq2YPEzchgnYj8ICnQkoNeu83TgtXj3GfgQ=="
      },
      "Supabase.Functions": {
        "type": "Transitive",
        "resolved": "2.2.0",
        "contentHash": "uqGpcjKu7K7XkUdgauxmqMo63gnQFfbXa+P+Zg5++ABOsf1HwEesg5wKmcEcz4mO1/E8oZzGESsbK2I6b6f5kA==",
        "dependencies": {
          "Newtonsoft.Json": "13.0.2",
          "Supabase.Core": "1.2.0"
        }
      },
      "Supabase.Gotrue": {
        "type": "Transitive",
        "resolved": "6.3.2",
        "contentHash": "1j+4thKQxzAhEWMtZT+URi2OoDITr1nxyVqmR90kyk7Uo6Cqh7rLDQao80htx/cvgPtiDrCkG7mCCcYdlFph9g==",
        "dependencies": {
          "Newtonsoft.Json": "13.0.2",
          "Supabase.Core": "1.2.0",
          "System.IdentityModel.Tokens.Jwt": "7.5.1"
        }
      },
      "Supabase.Postgrest": {
        "type": "Transitive",
        "resolved": "4.4.0",
        "contentHash": "y2FPOyLhNMepVe5dWJF9HsiHdTSsFoigBDg2xvwkPX/bkfi/gjQhsJL/e1e92SyQmDkoJHjumQfvxuQUq3lhAQ==",
        "dependencies": {
          "Newtonsoft.Json": "13.0.2",
          "Supabase.Core": "1.2.0"
        }
      },
      "Supabase.Realtime": {
        "type": "Transitive",
        "resolved": "7.4.0",
        "contentHash": "1fbPz34u4bDxHiRTFy20KimJ0+P59++t9BGp96mgPWc/SR1CZ0MV1ddzduNSMxOcdpW1dDR20c+Q9TBay98BuQ==",
        "dependencies": {
          "Newtonsoft.Json": "13.0.2",
          "Supabase.Core": "1.1.0",
          "Supabase.Postgrest": "4.3.0",
          "Websocket.Client": "5.5.0"
        }
      },
      "Supabase.Storage": {
        "type": "Transitive",
        "resolved": "2.7.0",
        "contentHash": "OqMABagMDLUbP9xrUCat+aYqNrJXr2ABbASJssMI3soo9rXDS7dl7GZ9Puj/1YQ5onspTrAgj04dFzizl98ecg==",
        "dependencies": {
          "BirdMessenger": "4.0.0",
          "MimeMapping": "4.0.0",
          "Newtonsoft.Json": "13.0.2",
          "Supabase.Core": "1.2.0"
        }
      },
      "System.IdentityModel.Tokens.Jwt": {
        "type": "Transitive",
        "resolved": "8.19.2",
        "contentHash": "gqhDC/icByKEutygpr+OFgAmjwTVowyzFjWB8K0q1ww8uFj5a1BQNL+QvijUl9uhq4p8OdDwcAIrjVC+eC9FVA==",
        "dependencies": {
          "Microsoft.IdentityModel.JsonWebTokens": "8.19.2",
          "Microsoft.IdentityModel.Tokens": "8.19.2"
        }
      },
      "System.IO.Hashing": {
        "type": "Transitive",
        "resolved": "8.0.0",
        "contentHash": "ne1843evDugl0md7Fjzy6QjJrzsjh46ZKbhf8GwBXb5f/gw97J4bxMs0NQKifDuThh/f0bZ0e62NPl1jzTuRqA=="
      },
      "System.Reactive": {
        "type": "Transitive",
        "resolved": "6.1.0",
        "contentHash": "M5cCC1ZMkZr9jbSQGTHnVkb5TDN67qWCV7AP8TAHdGkvDlu0puT5NzemESNn9+HkYIDpWpocP68/i+/ame2/2w=="
      },
      "Websocket.Client": {
        "type": "Transitive",
        "resolved": "5.5.0",
        "contentHash": "xJ5pTXiNSfwOzJVFcrUF1JROo63zjETJgIA4+ik/JxOJdNEv15e3NZ6bgpNQkyWhapcedP5HCa96hn9YCXwenw==",
        "dependencies": {
          "Microsoft.IO.RecyclableMemoryStream": "3.0.1",
          "System.Reactive": "6.1.0"
        }
      }
    }
  }
}