{
  "version": 1,
  "dependencies": {
    "net10.0": {
      "Microsoft.AspNetCore.OpenApi": {
        "type": "Direct",
        "requested": "[10.0.11, )",
        "resolved": "10.0.11",
        "contentHash": "R/1EATnPLU+gRfB6lwVkMcymmyAY5ppBBdRN/5lhNEiT3xP1sWccuSFkU/f1lQvN/WgRq5Vn8AhCdE3fqgsL/w==",
        "dependencies": {
          "Microsoft.OpenApi": "[2.7.5, 3.0.0)"
        }
      },
      "Scalar.AspNetCore": {
        "type": "Direct",
        "requested": "[2.17.2, )",
        "resolved": "2.17.2",
        "contentHash": "ciW2HuRWJgNEecophHN9DvoRlTs/+8TNPhB6tQW1gmJWh/eoAIO0ys8XIxx7irUpIu3KRHZyxyuHstqqrTn1Tw=="
      },
      "Supabase": {
        "type": "Direct",
        "requested": "[8.0.0, )",
        "resolved": "8.0.0",
        "contentHash": "4LTGPEbGqsyB8pOhMteYko7XGeL2WlJ/oGpg3yGli36z3oyVnVQHtWEhKx6/3G8/i8xtjOtWdU24oouF5NVfCA==",
        "dependencies": {
          "Supabase.Core": "8.0.0",
          "Supabase.Functions": "8.0.0",
          "Supabase.Gotrue": "8.0.0",
          "Supabase.Postgrest": "8.0.0",
          "Supabase.Realtime": "8.0.0",
          "Supabase.Storage": "8.0.0"
        }
      },
      "System.IdentityModel.Tokens.Jwt": {
        "type": "Direct",
        "requested": "[8.22.0, )",
        "resolved": "8.22.0",
        "contentHash": "CpXGfNhLl6EgYaOC9XYsc1p7Ci9HtAy0soHJDSBNGse647al4tTq9RDr+LQsrF4Ls79Dx7VfzN34km0W4DWPow==",
        "dependencies": {
          "Microsoft.IdentityModel.JsonWebTokens": "8.22.0",
          "Microsoft.IdentityModel.Tokens": "8.22.0"
        }
      },
      "TimeZoneConverter": {
        "type": "Direct",
        "requested": "[7.2.0, )",
        "resolved": "7.2.0",
        "contentHash": "4Poqu79dTmacVETqUJ53g3x4U21V/cmWPSlehdsVE4Q00akavvlRq+SRjcg/CmfO9ibOCjRl6TeUV7hkC5RC4w=="
      },
      "Yarp.ReverseProxy": {
        "type": "Direct",
        "requested": "[2.3.0, )",
        "resolved": "2.3.0",
        "contentHash": "gxtkN3a+9biu9V9Zd5NaTO6VZWXAnS2mhQ0R/VXmSPoTuiQNZsakKikrKpDtKxrL5nUYzbRsHtl40WNq+ZBKKg==",
        "dependencies": {
          "System.IO.Hashing": "8.0.0"
        }
      },
      "BirdMessenger": {
        "type": "Transitive",
        "resolved": "4.0.0",
        "contentHash": "K92hTkTn8fkZOjoMi0j0ZhxJ/Ey8ra5nSxuwEc3gZJzT8gdRh6JSSUS6CV4+fyNcjdw1M37/nckubzyMvudvJw=="
      },
      "Microsoft.Bcl.Cryptography": {
        "type": "Transitive",
        "resolved": "10.0.2",
        "contentHash": "LG9Yll3B5aNpxv0+D47g6LiOiKBIlodhcHdQwcYzo8VeexFLGqx5ymetmA2aBRyo9cCcWsQWrFsdbsr8LvmWDw=="
      },
      "Microsoft.IdentityModel.Abstractions": {
        "type": "Transitive",
        "resolved": "8.22.0",
        "contentHash": "LU3V3owsu4vGpCg2kyL7SsQEuHwcoJ8FSNBqzLADzCf3/PcKUTcx5Plsd51DoTJMfK/WigXV/03UhaN5JXE6uQ=="
      },
      "Microsoft.IdentityModel.JsonWebTokens": {
        "type": "Transitive",
        "resolved": "8.22.0",
        "contentHash": "kv6peMLjALZLDAy2H3F77KjVRdwiscn2p/g3ui2chcbuEcAX2MpAbyDcYnJ7Vyh8jZ1aJWrniUMCDWoOgnu4NQ==",
        "dependencies": {
          "Microsoft.IdentityModel.Tokens": "8.22.0"
        }
      },
      "Microsoft.IdentityModel.Logging": {
        "type": "Transitive",
        "resolved": "8.22.0",
        "contentHash": "G9Tl0yXSlr2pkXv4EpXjO16M4q6oo9N/od+gNyOusZ8yM8LZg1H3f/QOMFuOJiV6znzY5MkAREU97JRRnqpEQw==",
        "dependencies": {
          "Microsoft.IdentityModel.Abstractions": "8.22.0"
        }
      },
      "Microsoft.IdentityModel.Tokens": {
        "type": "Transitive",
        "resolved": "8.22.0",
        "contentHash": "i4lywKKUuVmheCUA+w/q8QNPReNI0qanHI9hhz48AFqD1ljyb8sxPL2RbXOGiPV13XdJ4kxieL9ukS7tD43LxA==",
        "dependencies": {
          "Microsoft.Bcl.Cryptography": "10.0.2",
          "Microsoft.IdentityModel.Logging": "8.22.0"
        }
      },
      "Microsoft.IO.RecyclableMemoryStream": {
        "type": "Transitive",
        "resolved": "3.0.1",
        "contentHash": "s/s20YTVY9r9TPfTrN5g8zPF1YhwxyqO6PxUkrYTGI2B+OGPe9AdajWZrLhFqXIvqIW23fnUE4+ztrUWNU1+9g=="
      },
      "Microsoft.OpenApi": {
        "type": "Transitive",
        "resolved": "2.7.5",
        "contentHash": "0FA67RSnRM4tcBKqiqVu/HPdZ9+QOKbmeRjxRUGTCjPU4C0bmUhd97Dso7Yild5P7nOV6GxJ2xrK0Kv/O9xp0w=="
      },
      "MimeMapping": {
        "type": "Transitive",
        "resolved": "4.0.0",
        "contentHash": "5WK3+mjdCeCKg3znVr+sm/sikVnya7UOHWxt4vJeW+Tbp2GgdLiBLRFBJ91oDyL/NcDVd1sEelQ7ixIN68s33g=="
      },
      "Supabase.Core": {
        "type": "Transitive",
        "resolved": "8.0.0",
        "contentHash": "GETibGAtioJq3fbonYcpqfQUrwyLHLzrgpInGzeHoagCnpQq57RKTEkBzQb3SXET5LAMYtosfSWtRctbT07iHw=="
      },
      "Supabase.Functions": {
        "type": "Transitive",
        "resolved": "8.0.0",
        "contentHash": "SQQ3Sul7kYak+Ajedoe07S19YHS5jT3xXX44EmWNnJCnXZo/ua/ILM5DzGgF9xeR6/fs4r9sKdPyhjKnXr72zA==",
        "dependencies": {
          "Supabase.Core": "8.0.0"
        }
      },
      "Supabase.Gotrue": {
        "type": "Transitive",
        "resolved": "8.0.0",
        "contentHash": "s1M5hVTLVNlzS93lB6cVtkbfszGvy0VMhwJ3owAF+JM1HBT4KoOE/wJ/OQNv8uycC5uyzloqj6utdqBT04p0qg==",
        "dependencies": {
          "Supabase.Core": "8.0.0",
          "System.IdentityModel.Tokens.Jwt": "7.5.1"
        }
      },
      "Supabase.Postgrest": {
        "type": "Transitive",
        "resolved": "8.0.0",
        "contentHash": "VTbZdL9KQB8eblL8elOfPVB1dSniaqYSLhQio0vCaMUR0Gh2A3HINshWNKAELWDUAnhzjj4OF4Tcr5IdkBfCng==",
        "dependencies": {
          "Supabase.Core": "8.0.0"
        }
      },
      "Supabase.Realtime": {
        "type": "Transitive",
        "resolved": "8.0.0",
        "contentHash": "5/KtuoZOlUjfpHRsN7G37C4UJ6q+cZDaaZV4+fgz1YFbKQsKawOyg+/vbi6mzwjcTHqm7UBZe39mUdyxw1bszg==",
        "dependencies": {
          "Supabase.Core": "8.0.0",
          "Supabase.Postgrest": "8.0.0",
          "Websocket.Client": "5.5.0"
        }
      },
      "Supabase.Storage": {
        "type": "Transitive",
        "resolved": "8.0.0",
        "contentHash": "5q2BJxBc33KDB4y+HczWTZ+nfzj+HBiKdJ8RJ7ZhVhHIcCeZq4z/1x9VvNwZYLlTAlE4R9YCxq0yjfH4IziG/w==",
        "dependencies": {
          "BirdMessenger": "4.0.0",
          "MimeMapping": "4.0.0",
          "Supabase.Core": "8.0.0"
        }
      },
      "System.IO.Hashing": {
        "type": "Transitive",
        "resolved": "8.0.0",
        "contentHash": "ne1843evDugl0md7Fjzy6QjJrzsjh46ZKbhf8GwBXb5f/gw97J4bxMs0NQKifDuThh/f0bZ0e62NPl1jzTuRqA=="
      },
      "System.Reactive": {
        "type": "Transitive",
        "resolved": "6.1.0",
        "contentHash": "M5cCC1ZMkZr9jbSQGTHnVkb5TDN67qWCV7AP8TAHdGkvDlu0puT5NzemESNn9+HkYIDpWpocP68/i+/ame2/2w=="
      },
      "Websocket.Client": {
        "type": "Transitive",
        "resolved": "5.5.0",
        "contentHash": "xJ5pTXiNSfwOzJVFcrUF1JROo63zjETJgIA4+ik/JxOJdNEv15e3NZ6bgpNQkyWhapcedP5HCa96hn9YCXwenw==",
        "dependencies": {
          "Microsoft.IO.RecyclableMemoryStream": "3.0.1",
          "System.Reactive": "6.1.0"
        }
      }
    }
  }
}